
Microsoft Visual Studio Solution File, Format Version 12.00
# Visual Studio Version 17
VisualStudioVersion = 17.13.36105.23
MinimumVisualStudioVersion = 10.0.40219.1
Project("{FAE04EC0-301F-11D3-BF4B-00C04F79EFBC}") = "StudentWebAPIWithMCPServer", "StudentWebAPIWithMCPServer\StudentWebAPIWithMCPServer.csproj", "{66099311-F8BC-C5A9-AD3F-D8DB712E8EF5}"
EndProject
Global
	GlobalSection(SolutionConfigurationPlatforms) = preSolution
		Debug|Any CPU = Debug|Any CPU
		Release|Any CPU = Release|Any CPU
	EndGlobalSection
	GlobalSection(ProjectConfigurationPlatforms) = postSolution
		{66099311-F8BC-C5A9-AD3F-D8DB712E8EF5}.Debug|Any CPU.ActiveCfg = Debug|Any CPU
		{66099311-F8BC-C5A9-AD3F-D8DB712E8EF5}.Debug|Any CPU.Build.0 = Debug|Any CPU
		{66099311-F8BC-C5A9-AD3F-D8DB712E8EF5}.Release|Any CPU.ActiveCfg = Release|Any CPU
		{66099311-F8BC-C5A9-AD3F-D8DB712E8EF5}.Release|Any CPU.Build.0 = Release|Any CPU
	EndGlobalSection
	GlobalSection(SolutionProperties) = preSolution
		HideSolutionNode = FALSE
	EndGlobalSection
	GlobalSection(ExtensibilityGlobals) = postSolution
		SolutionGuid = {666D1054-8517-4ADF-8200-1B22E08ECD27}
	EndGlobalSection
EndGlobal
